
Microsoft Visual Studio Solution File, Format Version 12.00
# Visual Studio Version 17
VisualStudioVersion = 17.1.32421.90
MinimumVisualStudioVersion = 10.0.40219.1
Project("{FAE04EC0-301F-11D3-BF4B-00C04F79EFBC}") = "clase8", "clase8\clase8.csproj", "{FEEDA1B4-7EFD-41BC-8440-6620103611AD}"
EndProject
Global
	GlobalSection(SolutionConfigurationPlatforms) = preSolution
		Debug|Any CPU = Debug|Any CPU
		Release|Any CPU = Release|Any CPU
	EndGlobalSection
	GlobalSection(ProjectConfigurationPlatforms) = postSolution
		{FEEDA1B4-7EFD-41BC-8440-6620103611AD}.Debug|Any CPU.ActiveCfg = Debug|Any CPU
		{FEEDA1B4-7EFD-41BC-8440-6620103611AD}.Debug|Any CPU.Build.0 = Debug|Any CPU
		{FEEDA1B4-7EFD-41BC-8440-6620103611AD}.Release|Any CPU.ActiveCfg = Release|Any CPU
		{FEEDA1B4-7EFD-41BC-8440-6620103611AD}.Release|Any CPU.Build.0 = Release|Any CPU
	EndGlobalSection
	GlobalSection(SolutionProperties) = preSolution
		HideSolutionNode = FALSE
	EndGlobalSection
	GlobalSection(ExtensibilityGlobals) = postSolution
		SolutionGuid = {26CBB8B2-9908-4E4E-9B90-97A115F2E89C}
	EndGlobalSection
EndGlobal
